
Microsoft Visual Studio Solution File, Format Version 12.00
# Visual Studio Version 16
VisualStudioVersion = 16.0.30406.217
MinimumVisualStudioVersion = 10.0.40219.1
Project("{FAE04EC0-301F-11D3-BF4B-00C04F79EFBC}") = "SET09102 Coursework", "SET09102 Coursework\SET09102 Coursework.csproj", "{4D026E1F-CB36-40DE-899C-81ECF1F928D2}"
EndProject
Project("{2150E333-8FDC-42A3-9474-1A3956D46DE8}") = "Solution Items", "Solution Items", "{50EE6216-8A42-4135-BBBE-E2EFF1003AC4}"
	ProjectSection(SolutionItems) = preProject
		SET09102 Coursework\textwords.csv = SET09102 Coursework\textwords.csv
	EndProjectSection
EndProject
Global
	GlobalSection(SolutionConfigurationPlatforms) = preSolution
		Debug|Any CPU = Debug|Any CPU
		Release|Any CPU = Release|Any CPU
	EndGlobalSection
	GlobalSection(ProjectConfigurationPlatforms) = postSolution
		{4D026E1F-CB36-40DE-899C-81ECF1F928D2}.Debug|Any CPU.ActiveCfg = Debug|Any CPU
		{4D026E1F-CB36-40DE-899C-81ECF1F928D2}.Debug|Any CPU.Build.0 = Debug|Any CPU
		{4D026E1F-CB36-40DE-899C-81ECF1F928D2}.Release|Any CPU.ActiveCfg = Release|Any CPU
		{4D026E1F-CB36-40DE-899C-81ECF1F928D2}.Release|Any CPU.Build.0 = Release|Any CPU
	EndGlobalSection
	GlobalSection(SolutionProperties) = preSolution
		HideSolutionNode = FALSE
	EndGlobalSection
	GlobalSection(ExtensibilityGlobals) = postSolution
		SolutionGuid = {9FF27BBE-E3A4-419C-B1D6-F34A132ABCA4}
	EndGlobalSection
EndGlobal
