
Microsoft Visual Studio Solution File, Format Version 12.00
# Visual Studio Version 16
VisualStudioVersion = 16.0.30406.217
MinimumVisualStudioVersion = 10.0.40219.1
Project("{FAE04EC0-301F-11D3-BF4B-00C04F79EFBC}") = "PresentationLayer", "SET09102 Coursework\PresentationLayer.csproj", "{4D026E1F-CB36-40DE-899C-81ECF1F928D2}"
EndProject
Project("{9A19103F-16F7-4668-BE54-9A1E7A4F7556}") = "BusinessLayer", "BusinessLayer\BusinessLayer.csproj", "{801CEDB0-FC49-4BA9-AD30-F354E08D6DF8}"
EndProject
Project("{9A19103F-16F7-4668-BE54-9A1E7A4F7556}") = "DataLayer", "DataLayer\DataLayer.csproj", "{2FBED039-4570-48B7-B49C-AE82A0895608}"
EndProject
Global
	GlobalSection(SolutionConfigurationPlatforms) = preSolution
		Debug|Any CPU = Debug|Any CPU
		Release|Any CPU = Release|Any CPU
	EndGlobalSection
	GlobalSection(ProjectConfigurationPlatforms) = postSolution
		{4D026E1F-CB36-40DE-899C-81ECF1F928D2}.Debug|Any CPU.ActiveCfg = Debug|Any CPU
		{4D026E1F-CB36-40DE-899C-81ECF1F928D2}.Debug|Any CPU.Build.0 = Debug|Any CPU
		{4D026E1F-CB36-40DE-899C-81ECF1F928D2}.Release|Any CPU.ActiveCfg = Release|Any CPU
		{4D026E1F-CB36-40DE-899C-81ECF1F928D2}.Release|Any CPU.Build.0 = Release|Any CPU
		{801CEDB0-FC49-4BA9-AD30-F354E08D6DF8}.Debug|Any CPU.ActiveCfg = Debug|Any CPU
		{801CEDB0-FC49-4BA9-AD30-F354E08D6DF8}.Debug|Any CPU.Build.0 = Debug|Any CPU
		{801CEDB0-FC49-4BA9-AD30-F354E08D6DF8}.Release|Any CPU.ActiveCfg = Release|Any CPU
		{801CEDB0-FC49-4BA9-AD30-F354E08D6DF8}.Release|Any CPU.Build.0 = Release|Any CPU
		{2FBED039-4570-48B7-B49C-AE82A0895608}.Debug|Any CPU.ActiveCfg = Debug|Any CPU
		{2FBED039-4570-48B7-B49C-AE82A0895608}.Debug|Any CPU.Build.0 = Debug|Any CPU
		{2FBED039-4570-48B7-B49C-AE82A0895608}.Release|Any CPU.ActiveCfg = Release|Any CPU
		{2FBED039-4570-48B7-B49C-AE82A0895608}.Release|Any CPU.Build.0 = Release|Any CPU
	EndGlobalSection
	GlobalSection(SolutionProperties) = preSolution
		HideSolutionNode = FALSE
	EndGlobalSection
	GlobalSection(ExtensibilityGlobals) = postSolution
		SolutionGuid = {9FF27BBE-E3A4-419C-B1D6-F34A132ABCA4}
	EndGlobalSection
EndGlobal
